Microsoft Visual Studio Solution File, Format Version 12.00
# Visual Studio Version 17
VisualStudioVersion = 17.7.34221.43
MinimumVisualStudioVersion = 10.0.40219.1
Project("{2150E333-8FDC-42A3-9474-1A3956D46DE8}") = "Common", "Common", "{44EA7805-F94D-4681-AE3F-F9C6622DB8CF}"
	ProjectSection(SolutionItems) = preProject
		Common\Dependencies.txt = Common\Dependencies.txt
		Common\Disclaimer.txt = Common\Disclaimer.txt
	EndProjectSection
EndProject
Project("{9A19103F-16F7-4668-BE54-9A1E7A4F7556}") = "POCOGenerator", "POCOGenerator\POCOGenerator.csproj", "{8E9F1307-4DAD-4F02-97F0-C0BCE59B1B86}"
EndProject
Project("{2150E333-8FDC-42A3-9474-1A3956D46DE8}") = "++Samples++", "++Samples++", "{17F0A88F-B277-4EC6-9B82-943331DCC804}"
EndProject
Project("{2150E333-8FDC-42A3-9474-1A3956D46DE8}") = "Console", "Console", "{8AFDCBC0-4DBE-4C72-A059-5CC60381015B}"
EndProject
Project("{2150E333-8FDC-42A3-9474-1A3956D46DE8}") = "Events", "Events", "{79520FF1-E06A-4B25-AF57-6EA99C9688AF}"
EndProject
Project("{2150E333-8FDC-42A3-9474-1A3956D46DE8}") = "GeneratePOCOs", "GeneratePOCOs", "{2E4F6DA4-908F-4DD3-85FB-BC5447213594}"
EndProject
Project("{2150E333-8FDC-42A3-9474-1A3956D46DE8}") = "SelectingObjects", "SelectingObjects", "{8452C024-893A-4876-8EE9-0EED265023B4}"
EndProject
Project("{2150E333-8FDC-42A3-9474-1A3956D46DE8}") = "ServerTree", "ServerTree", "{B5934ED9-1AE4-4BFA-9F96-BFA91087CE1C}"
EndProject
Project("{2150E333-8FDC-42A3-9474-1A3956D46DE8}") = "Stream", "Stream", "{2B6EF043-9550-4D9C-A661-89103122E816}"
EndProject
Project("{2150E333-8FDC-42A3-9474-1A3956D46DE8}") = "Text", "Text", "{1E4C9604-78EF-4142-95D6-0E54D19E955B}"
EndProject
Project("{2150E333-8FDC-42A3-9474-1A3956D46DE8}") = "RichTextBox", "RichTextBox", "{D4E1E196-880B-4FBE-97BE-C848E3CFBEFC}"
EndProject
Project("{9A19103F-16F7-4668-BE54-9A1E7A4F7556}") = "ConsoleColorDarkThemeDemo", "Samples\Console\ConsoleColorDarkThemeDemo\ConsoleColorDarkThemeDemo.csproj", "{53935680-0C8C-4258-BF92-BBBB1C1F21D6}"
EndProject
Project("{9A19103F-16F7-4668-BE54-9A1E7A4F7556}") = "ConsoleColorDemo", "Samples\Console\ConsoleColorDemo\ConsoleColorDemo.csproj", "{AE066629-0C8B-4D81-9D33-D567D01D388F}"
EndProject
Project("{9A19103F-16F7-4668-BE54-9A1E7A4F7556}") = "ConsoleDemo", "Samples\Console\ConsoleDemo\ConsoleDemo.csproj", "{4F507183-8BEF-44DC-98EC-0EDC1B8280A8}"
EndProject
Project("{9A19103F-16F7-4668-BE54-9A1E7A4F7556}") = "EventsDemo", "Samples\Events\EventsDemo\EventsDemo.csproj", "{86A84EC2-6C92-4861-B1D3-07AF0A509AD7}"
EndProject
Project("{9A19103F-16F7-4668-BE54-9A1E7A4F7556}") = "MultipleFilesDemo", "Samples\Events\MultipleFilesDemo\MultipleFilesDemo.csproj", "{D5D135CA-D5FA-4BFC-A878-FC2370B4541A}"
EndProject
Project("{9A19103F-16F7-4668-BE54-9A1E7A4F7556}") = "GeneratePOCOsDemo", "Samples\GeneratePOCOs\GeneratePOCOsDemo\GeneratePOCOsDemo.csproj", "{7FA69253-E846-4D5B-BCC0-817A21F69327}"
EndProject
Project("{9A19103F-16F7-4668-BE54-9A1E7A4F7556}") = "SelectingObjectsDemo", "Samples\SelectingObjects\SelectingObjectsDemo\SelectingObjectsDemo.csproj", "{F692826F-B6F8-4376-8FF2-14C9DE55DC8A}"
EndProject
Project("{9A19103F-16F7-4668-BE54-9A1E7A4F7556}") = "SkipAndStopDemo", "Samples\SelectingObjects\SkipAndStopDemo\SkipAndStopDemo.csproj", "{4818A76A-D9B2-4109-B731-F2352B654324}"
EndProject
Project("{9A19103F-16F7-4668-BE54-9A1E7A4F7556}") = "WildcardsDemo", "Samples\SelectingObjects\WildcardsDemo\WildcardsDemo.csproj", "{EF62A907-016C-4888-A273-2C76D0C00012}"
EndProject
Project("{9A19103F-16F7-4668-BE54-9A1E7A4F7556}") = "DetailedServerTreeDemo", "Samples\ServerTree\DetailedServerTreeDemo\DetailedServerTreeDemo.csproj", "{1FA0F83F-22A0-4A04-BFFB-9926FDABDB56}"
EndProject
Project("{9A19103F-16F7-4668-BE54-9A1E7A4F7556}") = "ServerTreeDemo", "Samples\ServerTree\ServerTreeDemo\ServerTreeDemo.csproj", "{64351756-7532-4402-B882-75AB3309D8C8}"
EndProject
Project("{9A19103F-16F7-4668-BE54-9A1E7A4F7556}") = "FileStreamDemo", "Samples\Stream\FileStreamDemo\FileStreamDemo.csproj", "{C0B6AB15-A9DC-4D6D-848F-EFDD15ECCC7B}"
EndProject
Project("{9A19103F-16F7-4668-BE54-9A1E7A4F7556}") = "MemoryStreamDemo", "Samples\Stream\MemoryStreamDemo\MemoryStreamDemo.csproj", "{3D7F33E6-848F-4D6E-8108-ED894219F534}"
EndProject
Project("{9A19103F-16F7-4668-BE54-9A1E7A4F7556}") = "StringBuilderDemo", "Samples\Text\StringBuilderDemo\StringBuilderDemo.csproj", "{461FC508-CBD5-48FD-AEDB-28D667126924}"
EndProject
Project("{9A19103F-16F7-4668-BE54-9A1E7A4F7556}") = "TextWriterDemo", "Samples\Text\TextWriterDemo\TextWriterDemo.csproj", "{4E5EE695-498A-4E5E-A002-91B3B027D667}"
EndProject
Project("{9A19103F-16F7-4668-BE54-9A1E7A4F7556}") = "RichTextBoxDemo", "Samples\RichTextBox\RichTextBoxDemo\RichTextBoxDemo.csproj", "{9E561CAC-5E32-4734-B678-16CE057265E1}"
EndProject
Project("{9A19103F-16F7-4668-BE54-9A1E7A4F7556}") = "POCOGeneratorUI", "POCOGeneratorUI\POCOGeneratorUI.csproj", "{F2483CED-6566-4762-99B5-069E777B8A56}"
EndProject
Project("{9A19103F-16F7-4668-BE54-9A1E7A4F7556}") = "POCOGenerator.DbObjects", "POCOGenerator.DbObjects\POCOGenerator.DbObjects.csproj", "{A5523067-8ED9-4ECC-BB40-37835890F193}"
EndProject
Project("{9A19103F-16F7-4668-BE54-9A1E7A4F7556}") = "POCOGenerator.Db", "POCOGenerator.Db\POCOGenerator.Db.csproj", "{23B91F6A-9A25-47CE-8EE3-62C0F99750DD}"
EndProject
Project("{9A19103F-16F7-4668-BE54-9A1E7A4F7556}") = "POCOGenerator.DbFactories", "POCOGenerator.DbFactories\POCOGenerator.DbFactories.csproj", "{C303C478-61F6-47D0-B01E-7F3B92523682}"
EndProject
Project("{9A19103F-16F7-4668-BE54-9A1E7A4F7556}") = "POCOGenerator.DbHandlers", "POCOGenerator.DbHandlers\POCOGenerator.DbHandlers.csproj", "{1CC551E8-D88B-404F-A15D-25C3A590D15B}"
EndProject
Project("{9A19103F-16F7-4668-BE54-9A1E7A4F7556}") = "POCOGenerator.MySQL", "POCOGenerator.MySQL\POCOGenerator.MySQL.csproj", "{AAFFAE64-9956-41E9-8906-A1E7C0E350F7}"
EndProject
Project("{9A19103F-16F7-4668-BE54-9A1E7A4F7556}") = "POCOGenerator.POCOIterators", "POCOGenerator.POCOIterators\POCOGenerator.POCOIterators.csproj", "{3E933ECE-6386-4B0B-8335-AB0E46BC06EC}"
EndProject
Project("{9A19103F-16F7-4668-BE54-9A1E7A4F7556}") = "POCOGenerator.POCOWriters", "POCOGenerator.POCOWriters\POCOGenerator.POCOWriters.csproj", "{C80D4EA0-C70A-4F47-B1CD-00E9231196C9}"
EndProject
Project("{9A19103F-16F7-4668-BE54-9A1E7A4F7556}") = "POCOGenerator.SQLServer", "POCOGenerator.SQLServer\POCOGenerator.SQLServer.csproj", "{72C68B48-8903-4C5E-A464-29FD45F3CB3B}"
EndProject
Project("{9A19103F-16F7-4668-BE54-9A1E7A4F7556}") = "POCOGenerator.Utils", "POCOGenerator.Utils\POCOGenerator.Utils.csproj", "{74E97281-C6CE-4241-A201-F3A8CA566A0E}"
EndProject
Project("{9A19103F-16F7-4668-BE54-9A1E7A4F7556}") = "NavigationPropertiesDemo", "Samples\ServerTree\NavigationPropertiesDemo\NavigationPropertiesDemo.csproj", "{0D76D75D-1D22-4F25-9082-A598F9CA6B4F}"
EndProject
Project("{9A19103F-16F7-4668-BE54-9A1E7A4F7556}") = "ComplexTypesDemo", "Samples\GeneratePOCOs\ComplexTypesDemo\ComplexTypesDemo.csproj", "{7585CD83-7D6E-4D7E-B0BE-037137EB60DB}"
EndProject
Project("{2150E333-8FDC-42A3-9474-1A3956D46DE8}") = "Images", "Images", "{177A5F2F-A12D-4C55-A06F-70B5C9AF18F7}"
	ProjectSection(SolutionItems) = preProject
		Common\Images\ClassNameSettings.jpg = Common\Images\ClassNameSettings.jpg
		Common\Images\ConsoleColorDarkThemeDemo.jpg = Common\Images\ConsoleColorDarkThemeDemo.jpg
		Common\Images\ConsoleColorDemo.jpg = Common\Images\ConsoleColorDemo.jpg
		Common\Images\EFAnnotationsSettings.jpg = Common\Images\EFAnnotationsSettings.jpg
		Common\Images\ExportToFilesSettings.jpg = Common\Images\ExportToFilesSettings.jpg
		Common\Images\FilterSettings.jpg = Common\Images\FilterSettings.jpg
		Common\Images\NavigationPropertiesSettings.jpg = Common\Images\NavigationPropertiesSettings.jpg
		Common\Images\PersonTableAndPOCO.jpg = Common\Images\PersonTableAndPOCO.jpg
		Common\Images\POCOGeneratorUI.jpg = Common\Images\POCOGeneratorUI.jpg
		Common\Images\POCOSettings.jpg = Common\Images\POCOSettings.jpg
		Common\Images\RichTextBoxDemo.jpg = Common\Images\RichTextBoxDemo.jpg
		Common\Images\RichTextBoxDemoDarkTheme.jpg = Common\Images\RichTextBoxDemoDarkTheme.jpg
		Common\Images\TableContextMenu.jpg = Common\Images\TableContextMenu.jpg
	EndProjectSection
EndProject
Project("{2150E333-8FDC-42A3-9474-1A3956D46DE8}") = "Libraries", "Libraries", "{0A84C36A-831A-43F1-9E20-7E0AAC5AB4DD}"
EndProject
Project("{2150E333-8FDC-42A3-9474-1A3956D46DE8}") = "Level 0", "Level 0", "{510AAB0A-DCC0-465A-80F3-C8A086B2BA3F}"
EndProject
Project("{2150E333-8FDC-42A3-9474-1A3956D46DE8}") = "Level 1", "Level 1", "{48E45B40-5AF0-470C-8391-D297A9828BC0}"
EndProject
Project("{2150E333-8FDC-42A3-9474-1A3956D46DE8}") = "Level 2", "Level 2", "{1C4FFF79-1A7F-4965-BB1A-1BA071B71895}"
EndProject
Project("{2150E333-8FDC-42A3-9474-1A3956D46DE8}") = "Level 3", "Level 3", "{C77058AD-9244-4030-A4E2-EBB08812936E}"
EndProject
Project("{2150E333-8FDC-42A3-9474-1A3956D46DE8}") = "Level 4", "Level 4", "{67B04A56-EC83-4A49-BFF1-6BCFE50E13C2}"
EndProject
Project("{2150E333-8FDC-42A3-9474-1A3956D46DE8}") = "UI", "UI", "{B9CE10C7-01D7-4B30-A2EC-3CBDCE727DEA}"
EndProject
Project("{2150E333-8FDC-42A3-9474-1A3956D46DE8}") = "!!Solution!!", "!!Solution!!", "{647E52B0-BDFB-4784-8A34-ED812776A1CD}"
	ProjectSection(SolutionItems) = preProject
		.filenesting.json = .filenesting.json
		.gitattributes = .gitattributes
		.gitignore = .gitignore
		LICENSE = LICENSE
		README.md = README.md
	EndProjectSection
EndProject
Project("{2150E333-8FDC-42A3-9474-1A3956D46DE8}") = "Shared", "Shared", "{18B7CFAA-EFB0-4CD4-807E-70CA08194953}"
	ProjectSection(SolutionItems) = preProject
		Shared\+Company.props = Shared\+Company.props
		Shared\AssemblyInfo.props = Shared\AssemblyInfo.props
		Shared\AssemblyInfo.targets = Shared\AssemblyInfo.targets
		Shared\Build.props = Shared\Build.props
		Shared\Build.targets = Shared\Build.targets
		Shared\BuildConfiguration.props = Shared\BuildConfiguration.props
		Shared\GendarmeAnalysis.props = Shared\GendarmeAnalysis.props
		Shared\GendarmeAnalysis.targets = Shared\GendarmeAnalysis.targets
		Shared\Language.targets = Shared\Language.targets
		Shared\Metrics.targets = Shared\Metrics.targets
		Shared\PackageVersions.props = Shared\PackageVersions.props
		Shared\Patch.props = Shared\Patch.props
		Shared\ProjectSystem.props = Shared\ProjectSystem.props
		Shared\roslyn.globalconfig.xx = Shared\roslyn.globalconfig.xx
		Shared\RoslynAnalysis.props = Shared\RoslynAnalysis.props
		Shared\SharedFiles.props = Shared\SharedFiles.props
		Shared\SharedPackages.Build.props = Shared\SharedPackages.Build.props
		Shared\SharedPackages.CodeAnalysis.props = Shared\SharedPackages.CodeAnalysis.props
		Shared\SharedPackages.CodeGeneratiom.props = Shared\SharedPackages.CodeGeneratiom.props
		Shared\Solution.Gendarme.rules = Shared\Solution.Gendarme.rules
		Shared\TextTemplating.targets = Shared\TextTemplating.targets
		Shared\Trimming.props = Shared\Trimming.props
		Shared\WinForms.targets = Shared\WinForms.targets
		Shared\Workaround.targets = Shared\Workaround.targets
		Shared\Workarounds.targets = Shared\Workarounds.targets
	EndProjectSection
EndProject
Project("{9A19103F-16F7-4668-BE54-9A1E7A4F7556}") = "POCOGenerator.Forms", "POCOGenerator.Forms\POCOGenerator.Forms.csproj", "{BD5BA55B-2675-4A7F-8F11-21D7D9D85972}"
EndProject
Project("{2150E333-8FDC-42A3-9474-1A3956D46DE8}") = "Level 5", "Level 5", "{B65556C9-C68B-4345-A4CB-C4776B436145}"
EndProject
Project("{2150E333-8FDC-42A3-9474-1A3956D46DE8}") = "Level Forms", "Level Forms", "{B6FD14E7-0CD6-4576-9D72-C51FE156828A}"
EndProject
Project("{9A19103F-16F7-4668-BE54-9A1E7A4F7556}") = "Data.Sql", "Data\Sql\Data.Sql.csproj", "{B0540E18-DBD1-42A0-88A5-752CADBD554B}"
EndProject
Project("{9A19103F-16F7-4668-BE54-9A1E7A4F7556}") = "Samples.Support", "Samples\Support\Samples.Support.csproj", "{5A47EF8A-0805-4A4F-B93C-51A527AC0FFB}"
EndProject
Project("{9A19103F-16F7-4668-BE54-9A1E7A4F7556}") = "FastColoredTextBoxDemo", "Samples\FastColoredTextBox\FastColoredTextBoxDemo\FastColoredTextBoxDemo.csproj", "{48744FA4-1A1B-4727-8230-C77B68C850D4}"
EndProject
Project("{2150E333-8FDC-42A3-9474-1A3956D46DE8}") = "FastColoredTextBox", "FastColoredTextBox", "{3AFA66BB-76DD-4603-B488-7D6AEFE3D997}"
EndProject
Project("{2150E333-8FDC-42A3-9474-1A3956D46DE8}") = "AnalyzerConfig", "AnalyzerConfig", "{AE61AD93-674D-4273-AFB8-7BCCCB9EC9BE}"
	ProjectSection(SolutionItems) = preProject
		Shared\AnalyzerConfig\codestyle.globalconfig = Shared\AnalyzerConfig\codestyle.globalconfig
		Shared\AnalyzerConfig\roslyn.globalconfig = Shared\AnalyzerConfig\roslyn.globalconfig
		Shared\AnalyzerConfig\xtended.globalconfig = Shared\AnalyzerConfig\xtended.globalconfig
	EndProjectSection
EndProject
Global
	GlobalSection(SolutionConfigurationPlatforms) = preSolution
		Debug|Any CPU = Debug|Any CPU
		Release|Any CPU = Release|Any CPU
	EndGlobalSection
	GlobalSection(ProjectConfigurationPlatforms) = postSolution
		{8E9F1307-4DAD-4F02-97F0-C0BCE59B1B86}.Debug|Any CPU.ActiveCfg = Debug|Any CPU
		{8E9F1307-4DAD-4F02-97F0-C0BCE59B1B86}.Debug|Any CPU.Build.0 = Debug|Any CPU
		{8E9F1307-4DAD-4F02-97F0-C0BCE59B1B86}.Release|Any CPU.ActiveCfg = Release|Any CPU
		{8E9F1307-4DAD-4F02-97F0-C0BCE59B1B86}.Release|Any CPU.Build.0 = Release|Any CPU
		{53935680-0C8C-4258-BF92-BBBB1C1F21D6}.Debug|Any CPU.ActiveCfg = Debug|Any CPU
		{53935680-0C8C-4258-BF92-BBBB1C1F21D6}.Debug|Any CPU.Build.0 = Debug|Any CPU
		{53935680-0C8C-4258-BF92-BBBB1C1F21D6}.Release|Any CPU.ActiveCfg = Release|Any CPU
		{53935680-0C8C-4258-BF92-BBBB1C1F21D6}.Release|Any CPU.Build.0 = Release|Any CPU
		{AE066629-0C8B-4D81-9D33-D567D01D388F}.Debug|Any CPU.ActiveCfg = Debug|Any CPU
		{AE066629-0C8B-4D81-9D33-D567D01D388F}.Debug|Any CPU.Build.0 = Debug|Any CPU
		{AE066629-0C8B-4D81-9D33-D567D01D388F}.Release|Any CPU.ActiveCfg = Release|Any CPU
		{AE066629-0C8B-4D81-9D33-D567D01D388F}.Release|Any CPU.Build.0 = Release|Any CPU
		{4F507183-8BEF-44DC-98EC-0EDC1B8280A8}.Debug|Any CPU.ActiveCfg = Debug|Any CPU
		{4F507183-8BEF-44DC-98EC-0EDC1B8280A8}.Debug|Any CPU.Build.0 = Debug|Any CPU
		{4F507183-8BEF-44DC-98EC-0EDC1B8280A8}.Release|Any CPU.ActiveCfg = Release|Any CPU
		{4F507183-8BEF-44DC-98EC-0EDC1B8280A8}.Release|Any CPU.Build.0 = Release|Any CPU
		{86A84EC2-6C92-4861-B1D3-07AF0A509AD7}.Debug|Any CPU.ActiveCfg = Debug|Any CPU
		{86A84EC2-6C92-4861-B1D3-07AF0A509AD7}.Debug|Any CPU.Build.0 = Debug|Any CPU
		{86A84EC2-6C92-4861-B1D3-07AF0A509AD7}.Release|Any CPU.ActiveCfg = Release|Any CPU
		{86A84EC2-6C92-4861-B1D3-07AF0A509AD7}.Release|Any CPU.Build.0 = Release|Any CPU
		{D5D135CA-D5FA-4BFC-A878-FC2370B4541A}.Debug|Any CPU.ActiveCfg = Debug|Any CPU
		{D5D135CA-D5FA-4BFC-A878-FC2370B4541A}.Debug|Any CPU.Build.0 = Debug|Any CPU
		{D5D135CA-D5FA-4BFC-A878-FC2370B4541A}.Release|Any CPU.ActiveCfg = Release|Any CPU
		{D5D135CA-D5FA-4BFC-A878-FC2370B4541A}.Release|Any CPU.Build.0 = Release|Any CPU
		{7FA69253-E846-4D5B-BCC0-817A21F69327}.Debug|Any CPU.ActiveCfg = Debug|Any CPU
		{7FA69253-E846-4D5B-BCC0-817A21F69327}.Debug|Any CPU.Build.0 = Debug|Any CPU
		{7FA69253-E846-4D5B-BCC0-817A21F69327}.Release|Any CPU.ActiveCfg = Release|Any CPU
		{7FA69253-E846-4D5B-BCC0-817A21F69327}.Release|Any CPU.Build.0 = Release|Any CPU
		{F692826F-B6F8-4376-8FF2-14C9DE55DC8A}.Debug|Any CPU.ActiveCfg = Debug|Any CPU
		{F692826F-B6F8-4376-8FF2-14C9DE55DC8A}.Debug|Any CPU.Build.0 = Debug|Any CPU
		{F692826F-B6F8-4376-8FF2-14C9DE55DC8A}.Release|Any CPU.ActiveCfg = Release|Any CPU
		{F692826F-B6F8-4376-8FF2-14C9DE55DC8A}.Release|Any CPU.Build.0 = Release|Any CPU
		{4818A76A-D9B2-4109-B731-F2352B654324}.Debug|Any CPU.ActiveCfg = Debug|Any CPU
		{4818A76A-D9B2-4109-B731-F2352B654324}.Debug|Any CPU.Build.0 = Debug|Any CPU
		{4818A76A-D9B2-4109-B731-F2352B654324}.Release|Any CPU.ActiveCfg = Release|Any CPU
		{4818A76A-D9B2-4109-B731-F2352B654324}.Release|Any CPU.Build.0 = Release|Any CPU
		{EF62A907-016C-4888-A273-2C76D0C00012}.Debug|Any CPU.ActiveCfg = Debug|Any CPU
		{EF62A907-016C-4888-A273-2C76D0C00012}.Debug|Any CPU.Build.0 = Debug|Any CPU
		{EF62A907-016C-4888-A273-2C76D0C00012}.Release|Any CPU.ActiveCfg = Release|Any CPU
		{EF62A907-016C-4888-A273-2C76D0C00012}.Release|Any CPU.Build.0 = Release|Any CPU
		{1FA0F83F-22A0-4A04-BFFB-9926FDABDB56}.Debug|Any CPU.ActiveCfg = Debug|Any CPU
		{1FA0F83F-22A0-4A04-BFFB-9926FDABDB56}.Debug|Any CPU.Build.0 = Debug|Any CPU
		{1FA0F83F-22A0-4A04-BFFB-9926FDABDB56}.Release|Any CPU.ActiveCfg = Release|Any CPU
		{1FA0F83F-22A0-4A04-BFFB-9926FDABDB56}.Release|Any CPU.Build.0 = Release|Any CPU
		{64351756-7532-4402-B882-75AB3309D8C8}.Debug|Any CPU.ActiveCfg = Debug|Any CPU
		{64351756-7532-4402-B882-75AB3309D8C8}.Debug|Any CPU.Build.0 = Debug|Any CPU
		{64351756-7532-4402-B882-75AB3309D8C8}.Release|Any CPU.ActiveCfg = Release|Any CPU
		{64351756-7532-4402-B882-75AB3309D8C8}.Release|Any CPU.Build.0 = Release|Any CPU
		{C0B6AB15-A9DC-4D6D-848F-EFDD15ECCC7B}.Debug|Any CPU.ActiveCfg = Debug|Any CPU
		{C0B6AB15-A9DC-4D6D-848F-EFDD15ECCC7B}.Debug|Any CPU.Build.0 = Debug|Any CPU
		{C0B6AB15-A9DC-4D6D-848F-EFDD15ECCC7B}.Release|Any CPU.ActiveCfg = Release|Any CPU
		{C0B6AB15-A9DC-4D6D-848F-EFDD15ECCC7B}.Release|Any CPU.Build.0 = Release|Any CPU
		{3D7F33E6-848F-4D6E-8108-ED894219F534}.Debug|Any CPU.ActiveCfg = Debug|Any CPU
		{3D7F33E6-848F-4D6E-8108-ED894219F534}.Debug|Any CPU.Build.0 = Debug|Any CPU
		{3D7F33E6-848F-4D6E-8108-ED894219F534}.Release|Any CPU.ActiveCfg = Release|Any CPU
		{3D7F33E6-848F-4D6E-8108-ED894219F534}.Release|Any CPU.Build.0 = Release|Any CPU
		{461FC508-CBD5-48FD-AEDB-28D667126924}.Debug|Any CPU.ActiveCfg = Debug|Any CPU
		{461FC508-CBD5-48FD-AEDB-28D667126924}.Debug|Any CPU.Build.0 = Debug|Any CPU
		{461FC508-CBD5-48FD-AEDB-28D667126924}.Release|Any CPU.ActiveCfg = Release|Any CPU
		{461FC508-CBD5-48FD-AEDB-28D667126924}.Release|Any CPU.Build.0 = Release|Any CPU
		{4E5EE695-498A-4E5E-A002-91B3B027D667}.Debug|Any CPU.ActiveCfg = Debug|Any CPU
		{4E5EE695-498A-4E5E-A002-91B3B027D667}.Debug|Any CPU.Build.0 = Debug|Any CPU
		{4E5EE695-498A-4E5E-A002-91B3B027D667}.Release|Any CPU.ActiveCfg = Release|Any CPU
		{4E5EE695-498A-4E5E-A002-91B3B027D667}.Release|Any CPU.Build.0 = Release|Any CPU
		{9E561CAC-5E32-4734-B678-16CE057265E1}.Debug|Any CPU.ActiveCfg = Debug|Any CPU
		{9E561CAC-5E32-4734-B678-16CE057265E1}.Debug|Any CPU.Build.0 = Debug|Any CPU
		{9E561CAC-5E32-4734-B678-16CE057265E1}.Release|Any CPU.ActiveCfg = Release|Any CPU
		{9E561CAC-5E32-4734-B678-16CE057265E1}.Release|Any CPU.Build.0 = Release|Any CPU
		{F2483CED-6566-4762-99B5-069E777B8A56}.Debug|Any CPU.ActiveCfg = Debug|Any CPU
		{F2483CED-6566-4762-99B5-069E777B8A56}.Debug|Any CPU.Build.0 = Debug|Any CPU
		{F2483CED-6566-4762-99B5-069E777B8A56}.Release|Any CPU.ActiveCfg = Release|Any CPU
		{F2483CED-6566-4762-99B5-069E777B8A56}.Release|Any CPU.Build.0 = Release|Any CPU
		{A5523067-8ED9-4ECC-BB40-37835890F193}.Debug|Any CPU.ActiveCfg = Debug|Any CPU
		{A5523067-8ED9-4ECC-BB40-37835890F193}.Debug|Any CPU.Build.0 = Debug|Any CPU
		{A5523067-8ED9-4ECC-BB40-37835890F193}.Release|Any CPU.ActiveCfg = Release|Any CPU
		{A5523067-8ED9-4ECC-BB40-37835890F193}.Release|Any CPU.Build.0 = Release|Any CPU
		{23B91F6A-9A25-47CE-8EE3-62C0F99750DD}.Debug|Any CPU.ActiveCfg = Debug|Any CPU
		{23B91F6A-9A25-47CE-8EE3-62C0F99750DD}.Debug|Any CPU.Build.0 = Debug|Any CPU
		{23B91F6A-9A25-47CE-8EE3-62C0F99750DD}.Release|Any CPU.ActiveCfg = Release|Any CPU
		{23B91F6A-9A25-47CE-8EE3-62C0F99750DD}.Release|Any CPU.Build.0 = Release|Any CPU
		{C303C478-61F6-47D0-B01E-7F3B92523682}.Debug|Any CPU.ActiveCfg = Debug|Any CPU
		{C303C478-61F6-47D0-B01E-7F3B92523682}.Debug|Any CPU.Build.0 = Debug|Any CPU
		{C303C478-61F6-47D0-B01E-7F3B92523682}.Release|Any CPU.ActiveCfg = Release|Any CPU
		{C303C478-61F6-47D0-B01E-7F3B92523682}.Release|Any CPU.Build.0 = Release|Any CPU
		{1CC551E8-D88B-404F-A15D-25C3A590D15B}.Debug|Any CPU.ActiveCfg = Debug|Any CPU
		{1CC551E8-D88B-404F-A15D-25C3A590D15B}.Debug|Any CPU.Build.0 = Debug|Any CPU
		{1CC551E8-D88B-404F-A15D-25C3A590D15B}.Release|Any CPU.ActiveCfg = Release|Any CPU
		{1CC551E8-D88B-404F-A15D-25C3A590D15B}.Release|Any CPU.Build.0 = Release|Any CPU
		{AAFFAE64-9956-41E9-8906-A1E7C0E350F7}.Debug|Any CPU.ActiveCfg = Debug|Any CPU
		{AAFFAE64-9956-41E9-8906-A1E7C0E350F7}.Debug|Any CPU.Build.0 = Debug|Any CPU
		{AAFFAE64-9956-41E9-8906-A1E7C0E350F7}.Release|Any CPU.ActiveCfg = Release|Any CPU
		{AAFFAE64-9956-41E9-8906-A1E7C0E350F7}.Release|Any CPU.Build.0 = Release|Any CPU
		{3E933ECE-6386-4B0B-8335-AB0E46BC06EC}.Debug|Any CPU.ActiveCfg = Debug|Any CPU
		{3E933ECE-6386-4B0B-8335-AB0E46BC06EC}.Debug|Any CPU.Build.0 = Debug|Any CPU
		{3E933ECE-6386-4B0B-8335-AB0E46BC06EC}.Release|Any CPU.ActiveCfg = Release|Any CPU
		{3E933ECE-6386-4B0B-8335-AB0E46BC06EC}.Release|Any CPU.Build.0 = Release|Any CPU
		{C80D4EA0-C70A-4F47-B1CD-00E9231196C9}.Debug|Any CPU.ActiveCfg = Debug|Any CPU
		{C80D4EA0-C70A-4F47-B1CD-00E9231196C9}.Debug|Any CPU.Build.0 = Debug|Any CPU
		{C80D4EA0-C70A-4F47-B1CD-00E9231196C9}.Release|Any CPU.ActiveCfg = Release|Any CPU
		{C80D4EA0-C70A-4F47-B1CD-00E9231196C9}.Release|Any CPU.Build.0 = Release|Any CPU
		{72C68B48-8903-4C5E-A464-29FD45F3CB3B}.Debug|Any CPU.ActiveCfg = Debug|Any CPU
		{72C68B48-8903-4C5E-A464-29FD45F3CB3B}.Debug|Any CPU.Build.0 = Debug|Any CPU
		{72C68B48-8903-4C5E-A464-29FD45F3CB3B}.Release|Any CPU.ActiveCfg = Release|Any CPU
		{72C68B48-8903-4C5E-A464-29FD45F3CB3B}.Release|Any CPU.Build.0 = Release|Any CPU
		{74E97281-C6CE-4241-A201-F3A8CA566A0E}.Debug|Any CPU.ActiveCfg = Debug|Any CPU
		{74E97281-C6CE-4241-A201-F3A8CA566A0E}.Debug|Any CPU.Build.0 = Debug|Any CPU
		{74E97281-C6CE-4241-A201-F3A8CA566A0E}.Release|Any CPU.ActiveCfg = Release|Any CPU
		{74E97281-C6CE-4241-A201-F3A8CA566A0E}.Release|Any CPU.Build.0 = Release|Any CPU
		{0D76D75D-1D22-4F25-9082-A598F9CA6B4F}.Debug|Any CPU.ActiveCfg = Debug|Any CPU
		{0D76D75D-1D22-4F25-9082-A598F9CA6B4F}.Debug|Any CPU.Build.0 = Debug|Any CPU
		{0D76D75D-1D22-4F25-9082-A598F9CA6B4F}.Release|Any CPU.ActiveCfg = Release|Any CPU
		{0D76D75D-1D22-4F25-9082-A598F9CA6B4F}.Release|Any CPU.Build.0 = Release|Any CPU
		{7585CD83-7D6E-4D7E-B0BE-037137EB60DB}.Debug|Any CPU.ActiveCfg = Debug|Any CPU
		{7585CD83-7D6E-4D7E-B0BE-037137EB60DB}.Debug|Any CPU.Build.0 = Debug|Any CPU
		{7585CD83-7D6E-4D7E-B0BE-037137EB60DB}.Release|Any CPU.ActiveCfg = Release|Any CPU
		{7585CD83-7D6E-4D7E-B0BE-037137EB60DB}.Release|Any CPU.Build.0 = Release|Any CPU
		{BD5BA55B-2675-4A7F-8F11-21D7D9D85972}.Debug|Any CPU.ActiveCfg = Debug|Any CPU
		{BD5BA55B-2675-4A7F-8F11-21D7D9D85972}.Debug|Any CPU.Build.0 = Debug|Any CPU
		{BD5BA55B-2675-4A7F-8F11-21D7D9D85972}.Release|Any CPU.ActiveCfg = Release|Any CPU
		{BD5BA55B-2675-4A7F-8F11-21D7D9D85972}.Release|Any CPU.Build.0 = Release|Any CPU
		{B0540E18-DBD1-42A0-88A5-752CADBD554B}.Debug|Any CPU.ActiveCfg = Debug|Any CPU
		{B0540E18-DBD1-42A0-88A5-752CADBD554B}.Debug|Any CPU.Build.0 = Debug|Any CPU
		{B0540E18-DBD1-42A0-88A5-752CADBD554B}.Release|Any CPU.ActiveCfg = Release|Any CPU
		{B0540E18-DBD1-42A0-88A5-752CADBD554B}.Release|Any CPU.Build.0 = Release|Any CPU
		{5A47EF8A-0805-4A4F-B93C-51A527AC0FFB}.Debug|Any CPU.ActiveCfg = Debug|Any CPU
		{5A47EF8A-0805-4A4F-B93C-51A527AC0FFB}.Debug|Any CPU.Build.0 = Debug|Any CPU
		{5A47EF8A-0805-4A4F-B93C-51A527AC0FFB}.Release|Any CPU.ActiveCfg = Release|Any CPU
		{5A47EF8A-0805-4A4F-B93C-51A527AC0FFB}.Release|Any CPU.Build.0 = Release|Any CPU
		{48744FA4-1A1B-4727-8230-C77B68C850D4}.Debug|Any CPU.ActiveCfg = Debug|Any CPU
		{48744FA4-1A1B-4727-8230-C77B68C850D4}.Debug|Any CPU.Build.0 = Debug|Any CPU
		{48744FA4-1A1B-4727-8230-C77B68C850D4}.Release|Any CPU.ActiveCfg = Release|Any CPU
		{48744FA4-1A1B-4727-8230-C77B68C850D4}.Release|Any CPU.Build.0 = Release|Any CPU
	EndGlobalSection
	GlobalSection(SolutionProperties) = preSolution
		HideSolutionNode = FALSE
	EndGlobalSection
	GlobalSection(NestedProjects) = preSolution
		{44EA7805-F94D-4681-AE3F-F9C6622DB8CF} = {647E52B0-BDFB-4784-8A34-ED812776A1CD}
		{8E9F1307-4DAD-4F02-97F0-C0BCE59B1B86} = {B65556C9-C68B-4345-A4CB-C4776B436145}
		{8AFDCBC0-4DBE-4C72-A059-5CC60381015B} = {17F0A88F-B277-4EC6-9B82-943331DCC804}
		{79520FF1-E06A-4B25-AF57-6EA99C9688AF} = {17F0A88F-B277-4EC6-9B82-943331DCC804}
		{2E4F6DA4-908F-4DD3-85FB-BC5447213594} = {17F0A88F-B277-4EC6-9B82-943331DCC804}
		{8452C024-893A-4876-8EE9-0EED265023B4} = {17F0A88F-B277-4EC6-9B82-943331DCC804}
		{B5934ED9-1AE4-4BFA-9F96-BFA91087CE1C} = {17F0A88F-B277-4EC6-9B82-943331DCC804}
		{2B6EF043-9550-4D9C-A661-89103122E816} = {17F0A88F-B277-4EC6-9B82-943331DCC804}
		{1E4C9604-78EF-4142-95D6-0E54D19E955B} = {17F0A88F-B277-4EC6-9B82-943331DCC804}
		{D4E1E196-880B-4FBE-97BE-C848E3CFBEFC} = {17F0A88F-B277-4EC6-9B82-943331DCC804}
		{53935680-0C8C-4258-BF92-BBBB1C1F21D6} = {8AFDCBC0-4DBE-4C72-A059-5CC60381015B}
		{AE066629-0C8B-4D81-9D33-D567D01D388F} = {8AFDCBC0-4DBE-4C72-A059-5CC60381015B}
		{4F507183-8BEF-44DC-98EC-0EDC1B8280A8} = {8AFDCBC0-4DBE-4C72-A059-5CC60381015B}
		{86A84EC2-6C92-4861-B1D3-07AF0A509AD7} = {79520FF1-E06A-4B25-AF57-6EA99C9688AF}
		{D5D135CA-D5FA-4BFC-A878-FC2370B4541A} = {79520FF1-E06A-4B25-AF57-6EA99C9688AF}
		{7FA69253-E846-4D5B-BCC0-817A21F69327} = {2E4F6DA4-908F-4DD3-85FB-BC5447213594}
		{F692826F-B6F8-4376-8FF2-14C9DE55DC8A} = {8452C024-893A-4876-8EE9-0EED265023B4}
		{4818A76A-D9B2-4109-B731-F2352B654324} = {8452C024-893A-4876-8EE9-0EED265023B4}
		{EF62A907-016C-4888-A273-2C76D0C00012} = {8452C024-893A-4876-8EE9-0EED265023B4}
		{1FA0F83F-22A0-4A04-BFFB-9926FDABDB56} = {B5934ED9-1AE4-4BFA-9F96-BFA91087CE1C}
		{64351756-7532-4402-B882-75AB3309D8C8} = {B5934ED9-1AE4-4BFA-9F96-BFA91087CE1C}
		{C0B6AB15-A9DC-4D6D-848F-EFDD15ECCC7B} = {2B6EF043-9550-4D9C-A661-89103122E816}
		{3D7F33E6-848F-4D6E-8108-ED894219F534} = {2B6EF043-9550-4D9C-A661-89103122E816}
		{461FC508-CBD5-48FD-AEDB-28D667126924} = {1E4C9604-78EF-4142-95D6-0E54D19E955B}
		{4E5EE695-498A-4E5E-A002-91B3B027D667} = {1E4C9604-78EF-4142-95D6-0E54D19E955B}
		{9E561CAC-5E32-4734-B678-16CE057265E1} = {D4E1E196-880B-4FBE-97BE-C848E3CFBEFC}
		{F2483CED-6566-4762-99B5-069E777B8A56} = {B9CE10C7-01D7-4B30-A2EC-3CBDCE727DEA}
		{A5523067-8ED9-4ECC-BB40-37835890F193} = {510AAB0A-DCC0-465A-80F3-C8A086B2BA3F}
		{23B91F6A-9A25-47CE-8EE3-62C0F99750DD} = {1C4FFF79-1A7F-4965-BB1A-1BA071B71895}
		{C303C478-61F6-47D0-B01E-7F3B92523682} = {67B04A56-EC83-4A49-BFF1-6BCFE50E13C2}
		{1CC551E8-D88B-404F-A15D-25C3A590D15B} = {1C4FFF79-1A7F-4965-BB1A-1BA071B71895}
		{AAFFAE64-9956-41E9-8906-A1E7C0E350F7} = {C77058AD-9244-4030-A4E2-EBB08812936E}
		{3E933ECE-6386-4B0B-8335-AB0E46BC06EC} = {48E45B40-5AF0-470C-8391-D297A9828BC0}
		{C80D4EA0-C70A-4F47-B1CD-00E9231196C9} = {510AAB0A-DCC0-465A-80F3-C8A086B2BA3F}
		{72C68B48-8903-4C5E-A464-29FD45F3CB3B} = {C77058AD-9244-4030-A4E2-EBB08812936E}
		{74E97281-C6CE-4241-A201-F3A8CA566A0E} = {510AAB0A-DCC0-465A-80F3-C8A086B2BA3F}
		{0D76D75D-1D22-4F25-9082-A598F9CA6B4F} = {B5934ED9-1AE4-4BFA-9F96-BFA91087CE1C}
		{7585CD83-7D6E-4D7E-B0BE-037137EB60DB} = {2E4F6DA4-908F-4DD3-85FB-BC5447213594}
		{177A5F2F-A12D-4C55-A06F-70B5C9AF18F7} = {44EA7805-F94D-4681-AE3F-F9C6622DB8CF}
		{510AAB0A-DCC0-465A-80F3-C8A086B2BA3F} = {0A84C36A-831A-43F1-9E20-7E0AAC5AB4DD}
		{48E45B40-5AF0-470C-8391-D297A9828BC0} = {0A84C36A-831A-43F1-9E20-7E0AAC5AB4DD}
		{1C4FFF79-1A7F-4965-BB1A-1BA071B71895} = {0A84C36A-831A-43F1-9E20-7E0AAC5AB4DD}
		{C77058AD-9244-4030-A4E2-EBB08812936E} = {0A84C36A-831A-43F1-9E20-7E0AAC5AB4DD}
		{67B04A56-EC83-4A49-BFF1-6BCFE50E13C2} = {0A84C36A-831A-43F1-9E20-7E0AAC5AB4DD}
		{18B7CFAA-EFB0-4CD4-807E-70CA08194953} = {647E52B0-BDFB-4784-8A34-ED812776A1CD}
		{BD5BA55B-2675-4A7F-8F11-21D7D9D85972} = {B6FD14E7-0CD6-4576-9D72-C51FE156828A}
		{B65556C9-C68B-4345-A4CB-C4776B436145} = {0A84C36A-831A-43F1-9E20-7E0AAC5AB4DD}
		{B6FD14E7-0CD6-4576-9D72-C51FE156828A} = {0A84C36A-831A-43F1-9E20-7E0AAC5AB4DD}
		{5A47EF8A-0805-4A4F-B93C-51A527AC0FFB} = {17F0A88F-B277-4EC6-9B82-943331DCC804}
		{48744FA4-1A1B-4727-8230-C77B68C850D4} = {3AFA66BB-76DD-4603-B488-7D6AEFE3D997}
		{3AFA66BB-76DD-4603-B488-7D6AEFE3D997} = {17F0A88F-B277-4EC6-9B82-943331DCC804}
		{AE61AD93-674D-4273-AFB8-7BCCCB9EC9BE} = {18B7CFAA-EFB0-4CD4-807E-70CA08194953}
	EndGlobalSection
	GlobalSection(ExtensibilityGlobals) = postSolution
		SolutionGuid = {B151279D-E4E7-4770-96DC-B5BBC39AA6B6}
	EndGlobalSection
EndGlobal
